// !$*UTF8*$!
{
	archiveVersion = 1;
	classes = {
	};
	objectVersion = 56;
	objects = {

/* Begin PBXBuildFile section */
		4C161B6F2BA2F94F006FF8B1 /* ProductModel.swift in Sources */ = {isa = PBXBuildFile; fileRef = 4C161B6E2BA2F94F006FF8B1 /* ProductModel.swift */; };
		4C161B792BA2FCC2006FF8B1 /* ShoppingCartViewModel.swift in Sources */ = {isa = PBXBuildFile; fileRef = 4C161B782BA2FCC2006FF8B1 /* ShoppingCartViewModel.swift */; };
		4C161B7B2BA2FDBB006FF8B1 /* ShoppingCartView.swift in Sources */ = {isa = PBXBuildFile; fileRef = 4C161B7A2BA2FDBB006FF8B1 /* ShoppingCartView.swift */; };
		4C161B7E2BA31510006FF8B1 /* ProductCardView.swift in Sources */ = {isa = PBXBuildFile; fileRef = 4C161B7D2BA31510006FF8B1 /* ProductCardView.swift */; };
		4C161B812BA31E0A006FF8B1 /* HomeView.swift in Sources */ = {isa = PBXBuildFile; fileRef = 4C161B802BA31E0A006FF8B1 /* HomeView.swift */; };
		4C161B832BA32331006FF8B1 /* ProductCategoryView.swift in Sources */ = {isa = PBXBuildFile; fileRef = 4C161B822BA32331006FF8B1 /* ProductCategoryView.swift */; };
		4C161B852BA323B3006FF8B1 /* ProductCategoryModel.swift in Sources */ = {isa = PBXBuildFile; fileRef = 4C161B842BA323B3006FF8B1 /* ProductCategoryModel.swift */; };
		4C161B8A2BA378E1006FF8B1 /* BottomNavigationBarView.swift in Sources */ = {isa = PBXBuildFile; fileRef = 4C161B892BA378E1006FF8B1 /* BottomNavigationBarView.swift */; };
		4C161B8E2BA3794A006FF8B1 /* OutletView.swift in Sources */ = {isa = PBXBuildFile; fileRef = 4C161B8D2BA3794A006FF8B1 /* OutletView.swift */; };
		4C161B902BA3796D006FF8B1 /* WishListView.swift in Sources */ = {isa = PBXBuildFile; fileRef = 4C161B8F2BA3796D006FF8B1 /* WishListView.swift */; };
		4C161B922BA3797D006FF8B1 /* AccountView.swift in Sources */ = {isa = PBXBuildFile; fileRef = 4C161B912BA3797D006FF8B1 /* AccountView.swift */; };
		4C161B942BA379D2006FF8B1 /* BrandsView.swift in Sources */ = {isa = PBXBuildFile; fileRef = 4C161B932BA379D2006FF8B1 /* BrandsView.swift */; };
		4C161B982BA762FE006FF8B1 /* BrandsCardView.swift in Sources */ = {isa = PBXBuildFile; fileRef = 4C161B972BA762FE006FF8B1 /* BrandsCardView.swift */; };
		4C161B9A2BA784E6006FF8B1 /* ProfileDetailsView.swift in Sources */ = {isa = PBXBuildFile; fileRef = 4C161B992BA784E6006FF8B1 /* ProfileDetailsView.swift */; };
		4C161B9C2BA784F8006FF8B1 /* ProfileSettingsView.swift in Sources */ = {isa = PBXBuildFile; fileRef = 4C161B9B2BA784F8006FF8B1 /* ProfileSettingsView.swift */; };
		4C161B9E2BA78505006FF8B1 /* ProfilePaymentsView.swift in Sources */ = {isa = PBXBuildFile; fileRef = 4C161B9D2BA78505006FF8B1 /* ProfilePaymentsView.swift */; };
		4C161BA02BA9FD9F006FF8B1 /* WishListViewModel.swift in Sources */ = {isa = PBXBuildFile; fileRef = 4C161B9F2BA9FD9F006FF8B1 /* WishListViewModel.swift */; };
		4C161BA22BAEDB36006FF8B1 /* SearchView.swift in Sources */ = {isa = PBXBuildFile; fileRef = 4C161BA12BAEDB36006FF8B1 /* SearchView.swift */; };
		4C161BA42BAF596F006FF8B1 /* ProductDetailsView.swift in Sources */ = {isa = PBXBuildFile; fileRef = 4C161BA32BAF596F006FF8B1 /* ProductDetailsView.swift */; };
		4C161BAA2BB080EF006FF8B1 /* ProfileAboutView.swift in Sources */ = {isa = PBXBuildFile; fileRef = 4C161BA92BB080EF006FF8B1 /* ProfileAboutView.swift */; };
		4C161BAC2BB09966006FF8B1 /* WalletView.swift in Sources */ = {isa = PBXBuildFile; fileRef = 4C161BAB2BB09966006FF8B1 /* WalletView.swift */; };
		4C161BAE2BB09D64006FF8B1 /* CheckoutView.swift in Sources */ = {isa = PBXBuildFile; fileRef = 4C161BAD2BB09D64006FF8B1 /* CheckoutView.swift */; };
		4C161BB02BB184B2006FF8B1 /* BrandsProductsView.swift in Sources */ = {isa = PBXBuildFile; fileRef = 4C161BAF2BB184B2006FF8B1 /* BrandsProductsView.swift */; };
		4C161BB22BB2E9A9006FF8B1 /* LoginRegisterView.swift in Sources */ = {isa = PBXBuildFile; fileRef = 4C161BB12BB2E9A9006FF8B1 /* LoginRegisterView.swift */; };
		4C47FA752BA0CF1B00582B4B /* MY_CLOTHINGSApp.swift in Sources */ = {isa = PBXBuildFile; fileRef = 4C47FA742BA0CF1B00582B4B /* MY_CLOTHINGSApp.swift */; };
		4C47FA772BA0CF1B00582B4B /* ContentView.swift in Sources */ = {isa = PBXBuildFile; fileRef = 4C47FA762BA0CF1B00582B4B /* ContentView.swift */; };
		4C47FA792BA0CF1C00582B4B /* Assets.xcassets in Resources */ = {isa = PBXBuildFile; fileRef = 4C47FA782BA0CF1C00582B4B /* Assets.xcassets */; };
		4C47FA7C2BA0CF1C00582B4B /* Preview Assets.xcassets in Resources */ = {isa = PBXBuildFile; fileRef = 4C47FA7B2BA0CF1C00582B4B /* Preview Assets.xcassets */; };
		4CC06A552BB61CC60090D07F /* ProductViewModel.swift in Sources */ = {isa = PBXBuildFile; fileRef = 4CC06A542BB61CC60090D07F /* ProductViewModel.swift */; };
/* End PBXBuildFile section */

/* Begin PBXFileReference section */
		4C161B6E2BA2F94F006FF8B1 /* ProductModel.swift */ = {isa = PBXFileReference; lastKnownFileType = sourcecode.swift; path = ProductModel.swift; sourceTree = "<group>"; };
		4C161B782BA2FCC2006FF8B1 /* ShoppingCartViewModel.swift */ = {isa = PBXFileReference; lastKnownFileType = sourcecode.swift; path = ShoppingCartViewModel.swift; sourceTree = "<group>"; };
		4C161B7A2BA2FDBB006FF8B1 /* ShoppingCartView.swift */ = {isa = PBXFileReference; lastKnownFileType = sourcecode.swift; path = ShoppingCartView.swift; sourceTree = "<group>"; };
		4C161B7D2BA31510006FF8B1 /* ProductCardView.swift */ = {isa = PBXFileReference; lastKnownFileType = sourcecode.swift; path = ProductCardView.swift; sourceTree = "<group>"; };
		4C161B802BA31E0A006FF8B1 /* HomeView.swift */ = {isa = PBXFileReference; lastKnownFileType = sourcecode.swift; path = HomeView.swift; sourceTree = "<group>"; };
		4C161B822BA32331006FF8B1 /* ProductCategoryView.swift */ = {isa = PBXFileReference; lastKnownFileType = sourcecode.swift; path = ProductCategoryView.swift; sourceTree = "<group>"; };
		4C161B842BA323B3006FF8B1 /* ProductCategoryModel.swift */ = {isa = PBXFileReference; lastKnownFileType = sourcecode.swift; path = ProductCategoryModel.swift; sourceTree = "<group>"; };
		4C161B892BA378E1006FF8B1 /* BottomNavigationBarView.swift */ = {isa = PBXFileReference; lastKnownFileType = sourcecode.swift; path = BottomNavigationBarView.swift; sourceTree = "<group>"; };
		4C161B8D2BA3794A006FF8B1 /* OutletView.swift */ = {isa = PBXFileReference; lastKnownFileType = sourcecode.swift; path = OutletView.swift; sourceTree = "<group>"; };
		4C161B8F2BA3796D006FF8B1 /* WishListView.swift */ = {isa = PBXFileReference; lastKnownFileType = sourcecode.swift; path = WishListView.swift; sourceTree = "<group>"; };
		4C161B912BA3797D006FF8B1 /* AccountView.swift */ = {isa = PBXFileReference; lastKnownFileType = sourcecode.swift; path = AccountView.swift; sourceTree = "<group>"; };
		4C161B932BA379D2006FF8B1 /* BrandsView.swift */ = {isa = PBXFileReference; lastKnownFileType = sourcecode.swift; path = BrandsView.swift; sourceTree = "<group>"; };
		4C161B972BA762FE006FF8B1 /* BrandsCardView.swift */ = {isa = PBXFileReference; lastKnownFileType = sourcecode.swift; path = BrandsCardView.swift; sourceTree = "<group>"; };
		4C161B992BA784E6006FF8B1 /* ProfileDetailsView.swift */ = {isa = PBXFileReference; lastKnownFileType = sourcecode.swift; path = ProfileDetailsView.swift; sourceTree = "<group>"; };
		4C161B9B2BA784F8006FF8B1 /* ProfileSettingsView.swift */ = {isa = PBXFileReference; lastKnownFileType = sourcecode.swift; path = ProfileSettingsView.swift; sourceTree = "<group>"; };
		4C161B9D2BA78505006FF8B1 /* ProfilePaymentsView.swift */ = {isa = PBXFileReference; lastKnownFileType = sourcecode.swift; path = ProfilePaymentsView.swift; sourceTree = "<group>"; };
		4C161B9F2BA9FD9F006FF8B1 /* WishListViewModel.swift */ = {isa = PBXFileReference; lastKnownFileType = sourcecode.swift; path = WishListViewModel.swift; sourceTree = "<group>"; };
		4C161BA12BAEDB36006FF8B1 /* SearchView.swift */ = {isa = PBXFileReference; lastKnownFileType = sourcecode.swift; path = SearchView.swift; sourceTree = "<group>"; };
		4C161BA32BAF596F006FF8B1 /* ProductDetailsView.swift */ = {isa = PBXFileReference; lastKnownFileType = sourcecode.swift; path = ProductDetailsView.swift; sourceTree = "<group>"; };
		4C161BA92BB080EF006FF8B1 /* ProfileAboutView.swift */ = {isa = PBXFileReference; lastKnownFileType = sourcecode.swift; path = ProfileAboutView.swift; sourceTree = "<group>"; };
		4C161BAB2BB09966006FF8B1 /* WalletView.swift */ = {isa = PBXFileReference; lastKnownFileType = sourcecode.swift; path = WalletView.swift; sourceTree = "<group>"; };
		4C161BAD2BB09D64006FF8B1 /* CheckoutView.swift */ = {isa = PBXFileReference; lastKnownFileType = sourcecode.swift; path = CheckoutView.swift; sourceTree = "<group>"; };
		4C161BAF2BB184B2006FF8B1 /* BrandsProductsView.swift */ = {isa = PBXFileReference; lastKnownFileType = sourcecode.swift; path = BrandsProductsView.swift; sourceTree = "<group>"; };
		4C161BB12BB2E9A9006FF8B1 /* LoginRegisterView.swift */ = {isa = PBXFileReference; lastKnownFileType = sourcecode.swift; path = LoginRegisterView.swift; sourceTree = "<group>"; };
		4C47FA712BA0CF1B00582B4B /* MY-CLOTHINGS.app */ = {isa = PBXFileReference; explicitFileType = wrapper.application; includeInIndex = 0; path = "MY-CLOTHINGS.app"; sourceTree = BUILT_PRODUCTS_DIR; };
		4C47FA742BA0CF1B00582B4B /* MY_CLOTHINGSApp.swift */ = {isa = PBXFileReference; lastKnownFileType = sourcecode.swift; path = MY_CLOTHINGSApp.swift; sourceTree = "<group>"; };
		4C47FA762BA0CF1B00582B4B /* ContentView.swift */ = {isa = PBXFileReference; lastKnownFileType = sourcecode.swift; path = ContentView.swift; sourceTree = "<group>"; };
		4C47FA782BA0CF1C00582B4B /* Assets.xcassets */ = {isa = PBXFileReference; lastKnownFileType = folder.assetcatalog; path = Assets.xcassets; sourceTree = "<group>"; };
		4C47FA7B2BA0CF1C00582B4B /* Preview Assets.xcassets */ = {isa = PBXFileReference; lastKnownFileType = folder.assetcatalog; path = "Preview Assets.xcassets"; sourceTree = "<group>"; };
		4CC06A542BB61CC60090D07F /* ProductViewModel.swift */ = {isa = PBXFileReference; lastKnownFileType = sourcecode.swift; path = ProductViewModel.swift; sourceTree = "<group>"; };
/* End PBXFileReference section */

/* Begin PBXFrameworksBuildPhase section */
		4C47FA6E2BA0CF1B00582B4B /* Frameworks */ = {
			isa = PBXFrameworksBuildPhase;
			buildActionMask = 2147483647;
			files = (
			);
			runOnlyForDeploymentPostprocessing = 0;
		};
/* End PBXFrameworksBuildPhase section */

/* Begin PBXGroup section */
		4C161B7F2BA31DF0006FF8B1 /* Home */ = {
			isa = PBXGroup;
			children = (
				4C161B802BA31E0A006FF8B1 /* HomeView.swift */,
				4C161B8D2BA3794A006FF8B1 /* OutletView.swift */,
				4C161B8F2BA3796D006FF8B1 /* WishListView.swift */,
				4C161B912BA3797D006FF8B1 /* AccountView.swift */,
				4C161B932BA379D2006FF8B1 /* BrandsView.swift */,
				4C161BA12BAEDB36006FF8B1 /* SearchView.swift */,
				4C161BB12BB2E9A9006FF8B1 /* LoginRegisterView.swift */,
			);
			path = Home;
			sourceTree = "<group>";
		};
		4C161B882BA37868006FF8B1 /* Components */ = {
			isa = PBXGroup;
			children = (
				4C161B822BA32331006FF8B1 /* ProductCategoryView.swift */,
				4C161B7D2BA31510006FF8B1 /* ProductCardView.swift */,
				4C161B892BA378E1006FF8B1 /* BottomNavigationBarView.swift */,
				4C161B972BA762FE006FF8B1 /* BrandsCardView.swift */,
				4C161B992BA784E6006FF8B1 /* ProfileDetailsView.swift */,
				4C161B9B2BA784F8006FF8B1 /* ProfileSettingsView.swift */,
				4C161B9D2BA78505006FF8B1 /* ProfilePaymentsView.swift */,
				4C161BA32BAF596F006FF8B1 /* ProductDetailsView.swift */,
				4C161BA92BB080EF006FF8B1 /* ProfileAboutView.swift */,
				4C161BAB2BB09966006FF8B1 /* WalletView.swift */,
				4C161BAD2BB09D64006FF8B1 /* CheckoutView.swift */,
				4C161BAF2BB184B2006FF8B1 /* BrandsProductsView.swift */,
			);
			path = Components;
			sourceTree = "<group>";
		};
		4C47FA682BA0CF1B00582B4B = {
			isa = PBXGroup;
			children = (
				4C47FA842BA2EF4100582B4B /* View */,
				4C47FA852BA2EF4900582B4B /* ViewModel */,
				4C47FA832BA2EF2A00582B4B /* Model */,
				4C47FA732BA0CF1B00582B4B /* MY-CLOTHINGS */,
				4C47FA722BA0CF1B00582B4B /* Products */,
			);
			sourceTree = "<group>";
		};
		4C47FA722BA0CF1B00582B4B /* Products */ = {
			isa = PBXGroup;
			children = (
				4C47FA712BA0CF1B00582B4B /* MY-CLOTHINGS.app */,
			);
			name = Products;
			sourceTree = "<group>";
		};
		4C47FA732BA0CF1B00582B4B /* MY-CLOTHINGS */ = {
			isa = PBXGroup;
			children = (
				4C47FA742BA0CF1B00582B4B /* MY_CLOTHINGSApp.swift */,
				4C47FA762BA0CF1B00582B4B /* ContentView.swift */,
				4C47FA782BA0CF1C00582B4B /* Assets.xcassets */,
				4C47FA7A2BA0CF1C00582B4B /* Preview Content */,
			);
			path = "MY-CLOTHINGS";
			sourceTree = "<group>";
		};
		4C47FA7A2BA0CF1C00582B4B /* Preview Content */ = {
			isa = PBXGroup;
			children = (
				4C47FA7B2BA0CF1C00582B4B /* Preview Assets.xcassets */,
			);
			path = "Preview Content";
			sourceTree = "<group>";
		};
		4C47FA832BA2EF2A00582B4B /* Model */ = {
			isa = PBXGroup;
			children = (
				4C161B6E2BA2F94F006FF8B1 /* ProductModel.swift */,
				4C161B842BA323B3006FF8B1 /* ProductCategoryModel.swift */,
			);
			path = Model;
			sourceTree = "<group>";
		};
		4C47FA842BA2EF4100582B4B /* View */ = {
			isa = PBXGroup;
			children = (
				4C161B882BA37868006FF8B1 /* Components */,
				4C161B7F2BA31DF0006FF8B1 /* Home */,
				4C161B7A2BA2FDBB006FF8B1 /* ShoppingCartView.swift */,
			);
			path = View;
			sourceTree = "<group>";
		};
		4C47FA852BA2EF4900582B4B /* ViewModel */ = {
			isa = PBXGroup;
			children = (
				4C161B782BA2FCC2006FF8B1 /* ShoppingCartViewModel.swift */,
				4C161B9F2BA9FD9F006FF8B1 /* WishListViewModel.swift */,
				4CC06A542BB61CC60090D07F /* ProductViewModel.swift */,
			);
			path = ViewModel;
			sourceTree = "<group>";
		};
/* End PBXGroup section */

/* Begin PBXNativeTarget section */
		4C47FA702BA0CF1B00582B4B /* MY-CLOTHINGS */ = {
			isa = PBXNativeTarget;
			buildConfigurationList = 4C47FA7F2BA0CF1C00582B4B /* Build configuration list for PBXNativeTarget "MY-CLOTHINGS" */;
			buildPhases = (
				4C47FA6D2BA0CF1B00582B4B /* Sources */,
				4C47FA6E2BA0CF1B00582B4B /* Frameworks */,
				4C47FA6F2BA0CF1B00582B4B /* Resources */,
			);
			buildRules = (
			);
			dependencies = (
			);
			name = "MY-CLOTHINGS";
			productName = "MY-CLOTHINGS";
			productReference = 4C47FA712BA0CF1B00582B4B /* MY-CLOTHINGS.app */;
			productType = "com.apple.product-type.application";
		};
/* End PBXNativeTarget section */

/* Begin PBXProject section */
		4C47FA692BA0CF1B00582B4B /* Project object */ = {
			isa = PBXProject;
			attributes = {
				BuildIndependentTargetsInParallel = 1;
				LastSwiftUpdateCheck = 1530;
				LastUpgradeCheck = 1530;
				TargetAttributes = {
					4C47FA702BA0CF1B00582B4B = {
						CreatedOnToolsVersion = 15.3;
					};
				};
			};
			buildConfigurationList = 4C47FA6C2BA0CF1B00582B4B /* Build configuration list for PBXProject "MY-CLOTHINGS" */;
			compatibilityVersion = "Xcode 14.0";
			developmentRegion = en;
			hasScannedForEncodings = 0;
			knownRegions = (
				en,
				Base,
			);
			mainGroup = 4C47FA682BA0CF1B00582B4B;
			productRefGroup = 4C47FA722BA0CF1B00582B4B /* Products */;
			projectDirPath = "";
			projectRoot = "";
			targets = (
				4C47FA702BA0CF1B00582B4B /* MY-CLOTHINGS */,
			);
		};
/* End PBXProject section */

/* Begin PBXResourcesBuildPhase section */
		4C47FA6F2BA0CF1B00582B4B /* Resources */ = {
			isa = PBXResourcesBuildPhase;
			buildActionMask = 2147483647;
			files = (
				4C47FA7C2BA0CF1C00582B4B /* Preview Assets.xcassets in Resources */,
				4C47FA792BA0CF1C00582B4B /* Assets.xcassets in Resources */,
			);
			runOnlyForDeploymentPostprocessing = 0;
		};
/* End PBXResourcesBuildPhase section */

/* Begin PBXSourcesBuildPhase section */
		4C47FA6D2BA0CF1B00582B4B /* Sources */ = {
			isa = PBXSourcesBuildPhase;
			buildActionMask = 2147483647;
			files = (
				4C161B982BA762FE006FF8B1 /* BrandsCardView.swift in Sources */,
				4C47FA772BA0CF1B00582B4B /* ContentView.swift in Sources */,
				4C161BAE2BB09D64006FF8B1 /* CheckoutView.swift in Sources */,
				4C161B9E2BA78505006FF8B1 /* ProfilePaymentsView.swift in Sources */,
				4C161B812BA31E0A006FF8B1 /* HomeView.swift in Sources */,
				4C161B6F2BA2F94F006FF8B1 /* ProductModel.swift in Sources */,
				4C161BA02BA9FD9F006FF8B1 /* WishListViewModel.swift in Sources */,
				4C161BB02BB184B2006FF8B1 /* BrandsProductsView.swift in Sources */,
				4C161B922BA3797D006FF8B1 /* AccountView.swift in Sources */,
				4C161BB22BB2E9A9006FF8B1 /* LoginRegisterView.swift in Sources */,
				4C161B792BA2FCC2006FF8B1 /* ShoppingCartViewModel.swift in Sources */,
				4C161B9A2BA784E6006FF8B1 /* ProfileDetailsView.swift in Sources */,
				4C161BA22BAEDB36006FF8B1 /* SearchView.swift in Sources */,
				4C161B852BA323B3006FF8B1 /* ProductCategoryModel.swift in Sources */,
				4CC06A552BB61CC60090D07F /* ProductViewModel.swift in Sources */,
				4C47FA752BA0CF1B00582B4B /* MY_CLOTHINGSApp.swift in Sources */,
				4C161B7E2BA31510006FF8B1 /* ProductCardView.swift in Sources */,
				4C161B832BA32331006FF8B1 /* ProductCategoryView.swift in Sources */,
				4C161BAA2BB080EF006FF8B1 /* ProfileAboutView.swift in Sources */,
				4C161B7B2BA2FDBB006FF8B1 /* ShoppingCartView.swift in Sources */,
				4C161B942BA379D2006FF8B1 /* BrandsView.swift in Sources */,
				4C161BA42BAF596F006FF8B1 /* ProductDetailsView.swift in Sources */,
				4C161B8A2BA378E1006FF8B1 /* BottomNavigationBarView.swift in Sources */,
				4C161B9C2BA784F8006FF8B1 /* ProfileSettingsView.swift in Sources */,
				4C161B902BA3796D006FF8B1 /* WishListView.swift in Sources */,
				4C161B8E2BA3794A006FF8B1 /* OutletView.swift in Sources */,
				4C161BAC2BB09966006FF8B1 /* WalletView.swift in Sources */,
			);
			runOnlyForDeploymentPostprocessing = 0;
		};
/* End PBXSourcesBuildPhase section */

/* Begin XCBuildConfiguration section */
		4C47FA7D2BA0CF1C00582B4B /* Debug */ = {
			isa = XCBuildConfiguration;
			buildSettings = {
				ALWAYS_SEARCH_USER_PATHS = NO;
				ASSETCATALOG_COMPILER_GENERATE_SWIFT_ASSET_SYMBOL_EXTENSIONS = YES;
				CLANG_ANALYZER_NONNULL = YES;
				CLANG_ANALYZER_NUMBER_OBJECT_CONVERSION = YES_AGGRESSIVE;
				CLANG_CXX_LANGUAGE_STANDARD = "gnu++20";
				CLANG_ENABLE_MODULES = YES;
				CLANG_ENABLE_OBJC_ARC = YES;
				CLANG_ENABLE_OBJC_WEAK = YES;
				CLANG_WARN_BLOCK_CAPTURE_AUTORELEASING = YES;
				CLANG_WARN_BOOL_CONVERSION = YES;
				CLANG_WARN_COMMA = YES;
				CLANG_WARN_CONSTANT_CONVERSION = YES;
				CLANG_WARN_DEPRECATED_OBJC_IMPLEMENTATIONS = YES;
				CLANG_WARN_DIRECT_OBJC_ISA_USAGE = YES_ERROR;
				CLANG_WARN_DOCUMENTATION_COMMENTS = YES;
				CLANG_WARN_EMPTY_BODY = YES;
				CLANG_WARN_ENUM_CONVERSION = YES;
				CLANG_WARN_INFINITE_RECURSION = YES;
				CLANG_WARN_INT_CONVERSION = YES;
				CLANG_WARN_NON_LITERAL_NULL_CONVERSION = YES;
				CLANG_WARN_OBJC_IMPLICIT_RETAIN_SELF = YES;
				CLANG_WARN_OBJC_LITERAL_CONVERSION = YES;
				CLANG_WARN_OBJC_ROOT_CLASS = YES_ERROR;
				CLANG_WARN_QUOTED_INCLUDE_IN_FRAMEWORK_HEADER = YES;
				CLANG_WARN_RANGE_LOOP_ANALYSIS = YES;
				CLANG_WARN_STRICT_PROTOTYPES = YES;
				CLANG_WARN_SUSPICIOUS_MOVE = YES;
				CLANG_WARN_UNGUARDED_AVAILABILITY = YES_AGGRESSIVE;
				CLANG_WARN_UNREACHABLE_CODE = YES;
				CLANG_WARN__DUPLICATE_METHOD_MATCH = YES;
				COPY_PHASE_STRIP = NO;
				DEBUG_INFORMATION_FORMAT = dwarf;
				ENABLE_STRICT_OBJC_MSGSEND = YES;
				ENABLE_TESTABILITY = YES;
				ENABLE_USER_SCRIPT_SANDBOXING = YES;
				GCC_C_LANGUAGE_STANDARD = gnu17;
				GCC_DYNAMIC_NO_PIC = NO;
				GCC_NO_COMMON_BLOCKS = YES;
				GCC_OPTIMIZATION_LEVEL = 0;
				GCC_PREPROCESSOR_DEFINITIONS = (
					"DEBUG=1",
					"$(inherited)",
				);
				GCC_WARN_64_TO_32_BIT_CONVERSION = YES;
				GCC_WARN_ABOUT_RETURN_TYPE = YES_ERROR;
				GCC_WARN_UNDECLARED_SELECTOR = YES;
				GCC_WARN_UNINITIALIZED_AUTOS = YES_AGGRESSIVE;
				GCC_WARN_UNUSED_FUNCTION = YES;
				GCC_WARN_UNUSED_VARIABLE = YES;
				IPHONEOS_DEPLOYMENT_TARGET = 17.4;
				LOCALIZATION_PREFERS_STRING_CATALOGS = YES;
				MTL_ENABLE_DEBUG_INFO = INCLUDE_SOURCE;
				MTL_FAST_MATH = YES;
				ONLY_ACTIVE_ARCH = YES;
				SDKROOT = iphoneos;
				SWIFT_ACTIVE_COMPILATION_CONDITIONS = "DEBUG $(inherited)";
				SWIFT_OPTIMIZATION_LEVEL = "-Onone";
			};
			name = Debug;
		};
		4C47FA7E2BA0CF1C00582B4B /* Release */ = {
			isa = XCBuildConfiguration;
			buildSettings = {
				ALWAYS_SEARCH_USER_PATHS = NO;
				ASSETCATALOG_COMPILER_GENERATE_SWIFT_ASSET_SYMBOL_EXTENSIONS = YES;
				CLANG_ANALYZER_NONNULL = YES;
				CLANG_ANALYZER_NUMBER_OBJECT_CONVERSION = YES_AGGRESSIVE;
				CLANG_CXX_LANGUAGE_STANDARD = "gnu++20";
				CLANG_ENABLE_MODULES = YES;
				CLANG_ENABLE_OBJC_ARC = YES;
				CLANG_ENABLE_OBJC_WEAK = YES;
				CLANG_WARN_BLOCK_CAPTURE_AUTORELEASING = YES;
				CLANG_WARN_BOOL_CONVERSION = YES;
				CLANG_WARN_COMMA = YES;
				CLANG_WARN_CONSTANT_CONVERSION = YES;
				CLANG_WARN_DEPRECATED_OBJC_IMPLEMENTATIONS = YES;
				CLANG_WARN_DIRECT_OBJC_ISA_USAGE = YES_ERROR;
				CLANG_WARN_DOCUMENTATION_COMMENTS = YES;
				CLANG_WARN_EMPTY_BODY = YES;
				CLANG_WARN_ENUM_CONVERSION = YES;
				CLANG_WARN_INFINITE_RECURSION = YES;
				CLANG_WARN_INT_CONVERSION = YES;
				CLANG_WARN_NON_LITERAL_NULL_CONVERSION = YES;
				CLANG_WARN_OBJC_IMPLICIT_RETAIN_SELF = YES;
				CLANG_WARN_OBJC_LITERAL_CONVERSION = YES;
				CLANG_WARN_OBJC_ROOT_CLASS = YES_ERROR;
				CLANG_WARN_QUOTED_INCLUDE_IN_FRAMEWORK_HEADER = YES;
				CLANG_WARN_RANGE_LOOP_ANALYSIS = YES;
				CLANG_WARN_STRICT_PROTOTYPES = YES;
				CLANG_WARN_SUSPICIOUS_MOVE = YES;
				CLANG_WARN_UNGUARDED_AVAILABILITY = YES_AGGRESSIVE;
				CLANG_WARN_UNREACHABLE_CODE = YES;
				CLANG_WARN__DUPLICATE_METHOD_MATCH = YES;
				COPY_PHASE_STRIP = NO;
				DEBUG_INFORMATION_FORMAT = "dwarf-with-dsym";
				ENABLE_NS_ASSERTIONS = NO;
				ENABLE_STRICT_OBJC_MSGSEND = YES;
				ENABLE_USER_SCRIPT_SANDBOXING = YES;
				GCC_C_LANGUAGE_STANDARD = gnu17;
				GCC_NO_COMMON_BLOCKS = YES;
				GCC_WARN_64_TO_32_BIT_CONVERSION = YES;
				GCC_WARN_ABOUT_RETURN_TYPE = YES_ERROR;
				GCC_WARN_UNDECLARED_SELECTOR = YES;
				GCC_WARN_UNINITIALIZED_AUTOS = YES_AGGRESSIVE;
				GCC_WARN_UNUSED_FUNCTION = YES;
				GCC_WARN_UNUSED_VARIABLE = YES;
				IPHONEOS_DEPLOYMENT_TARGET = 17.4;
				LOCALIZATION_PREFERS_STRING_CATALOGS = YES;
				MTL_ENABLE_DEBUG_INFO = NO;
				MTL_FAST_MATH = YES;
				SDKROOT = iphoneos;
				SWIFT_COMPILATION_MODE = wholemodule;
				VALIDATE_PRODUCT = YES;
			};
			name = Release;
		};
		4C47FA802BA0CF1C00582B4B /* Debug */ = {
			isa = XCBuildConfiguration;
			buildSettings = {
				ASSETCATALOG_COMPILER_APPICON_NAME = AppIcon;
				ASSETCATALOG_COMPILER_GLOBAL_ACCENT_COLOR_NAME = AccentColor;
				CODE_SIGN_STYLE = Automatic;
				CURRENT_PROJECT_VERSION = 1;
				DEVELOPMENT_ASSET_PATHS = "\"MY-CLOTHINGS/Preview Content\"";
				ENABLE_PREVIEWS = YES;
				GENERATE_INFOPLIST_FILE = YES;
				INFOPLIST_KEY_UIApplicationSceneManifest_Generation = YES;
				INFOPLIST_KEY_UIApplicationSupportsIndirectInputEvents = YES;
				INFOPLIST_KEY_UILaunchScreen_Generation = YES;
				INFOPLIST_KEY_UISupportedInterfaceOrientations_iPad = "UIInterfaceOrientationPortrait UIInterfaceOrientationPortraitUpsideDown UIInterfaceOrientationLandscapeLeft UIInterfaceOrientationLandscapeRight";
				INFOPLIST_KEY_UISupportedInterfaceOrientations_iPhone = "UIInterfaceOrientationPortrait UIInterfaceOrientationLandscapeLeft UIInterfaceOrientationLandscapeRight";
				LD_RUNPATH_SEARCH_PATHS = (
					"$(inherited)",
					"@executable_path/Frameworks",
				);
				MARKETING_VERSION = 1.0;
				PRODUCT_BUNDLE_IDENTIFIER = "NIBM.MY-CLOTHINGS";
				PRODUCT_NAME = "$(TARGET_NAME)";
				SWIFT_EMIT_LOC_STRINGS = YES;
				SWIFT_VERSION = 5.0;
				TARGETED_DEVICE_FAMILY = "1,2";
			};
			name = Debug;
		};
		4C47FA812BA0CF1C00582B4B /* Release */ = {
			isa = XCBuildConfiguration;
			buildSettings = {
				ASSETCATALOG_COMPILER_APPICON_NAME = AppIcon;
				ASSETCATALOG_COMPILER_GLOBAL_ACCENT_COLOR_NAME = AccentColor;
				CODE_SIGN_STYLE = Automatic;
				CURRENT_PROJECT_VERSION = 1;
				DEVELOPMENT_ASSET_PATHS = "\"MY-CLOTHINGS/Preview Content\"";
				ENABLE_PREVIEWS = YES;
				GENERATE_INFOPLIST_FILE = YES;
				INFOPLIST_KEY_UIApplicationSceneManifest_Generation = YES;
				INFOPLIST_KEY_UIApplicationSupportsIndirectInputEvents = YES;
				INFOPLIST_KEY_UILaunchScreen_Generation = YES;
				INFOPLIST_KEY_UISupportedInterfaceOrientations_iPad = "UIInterfaceOrientationPortrait UIInterfaceOrientationPortraitUpsideDown UIInterfaceOrientationLandscapeLeft UIInterfaceOrientationLandscapeRight";
				INFOPLIST_KEY_UISupportedInterfaceOrientations_iPhone = "UIInterfaceOrientationPortrait UIInterfaceOrientationLandscapeLeft UIInterfaceOrientationLandscapeRight";
				LD_RUNPATH_SEARCH_PATHS = (
					"$(inherited)",
					"@executable_path/Frameworks",
				);
				MARKETING_VERSION = 1.0;
				PRODUCT_BUNDLE_IDENTIFIER = "NIBM.MY-CLOTHINGS";
				PRODUCT_NAME = "$(TARGET_NAME)";
				SWIFT_EMIT_LOC_STRINGS = YES;
				SWIFT_VERSION = 5.0;
				TARGETED_DEVICE_FAMILY = "1,2";
			};
			name = Release;
		};
/* End XCBuildConfiguration section */

/* Begin XCConfigurationList section */
		4C47FA6C2BA0CF1B00582B4B /* Build configuration list for PBXProject "MY-CLOTHINGS" */ = {
			isa = XCConfigurationList;
			buildConfigurations = (
				4C47FA7D2BA0CF1C00582B4B /* Debug */,
				4C47FA7E2BA0CF1C00582B4B /* Release */,
			);
			defaultConfigurationIsVisible = 0;
			defaultConfigurationName = Release;
		};
		4C47FA7F2BA0CF1C00582B4B /* Build configuration list for PBXNativeTarget "MY-CLOTHINGS" */ = {
			isa = XCConfigurationList;
			buildConfigurations = (
				4C47FA802BA0CF1C00582B4B /* Debug */,
				4C47FA812BA0CF1C00582B4B /* Release */,
			);
			defaultConfigurationIsVisible = 0;
			defaultConfigurationName = Release;
		};
/* End XCConfigurationList section */
	};
	rootObject = 4C47FA692BA0CF1B00582B4B /* Project object */;
}
